
Microsoft Visual Studio Solution File, Format Version 12.00
# Visual Studio 15
VisualStudioVersion = 15.0.27703.2035
MinimumVisualStudioVersion = 10.0.40219.1
Project("{FAE04EC0-301F-11D3-BF4B-00C04F79EFBC}") = "DependencyScanner.Core", "DependencyScanner.Core\DependencyScanner.Core.csproj", "{6E72AF77-F76B-406B-93C2-8F0FFC3EF5E5}"
EndProject
Project("{FAE04EC0-301F-11D3-BF4B-00C04F79EFBC}") = "DependencyScanner.Core.Test", "DependencyScanner.Core.Test\DependencyScanner.Core.Test.csproj", "{50D8BD5B-AFC2-4C5B-91D3-9AADF164C8D6}"
EndProject
Global
	GlobalSection(SolutionConfigurationPlatforms) = preSolution
		Debug|Any CPU = Debug|Any CPU
		Release|Any CPU = Release|Any CPU
	EndGlobalSection
	GlobalSection(ProjectConfigurationPlatforms) = postSolution
		{6E72AF77-F76B-406B-93C2-8F0FFC3EF5E5}.Debug|Any CPU.ActiveCfg = Debug|Any CPU
		{6E72AF77-F76B-406B-93C2-8F0FFC3EF5E5}.Debug|Any CPU.Build.0 = Debug|Any CPU
		{6E72AF77-F76B-406B-93C2-8F0FFC3EF5E5}.Release|Any CPU.ActiveCfg = Release|Any CPU
		{6E72AF77-F76B-406B-93C2-8F0FFC3EF5E5}.Release|Any CPU.Build.0 = Release|Any CPU
		{50D8BD5B-AFC2-4C5B-91D3-9AADF164C8D6}.Debug|Any CPU.ActiveCfg = Debug|Any CPU
		{50D8BD5B-AFC2-4C5B-91D3-9AADF164C8D6}.Debug|Any CPU.Build.0 = Debug|Any CPU
		{50D8BD5B-AFC2-4C5B-91D3-9AADF164C8D6}.Release|Any CPU.ActiveCfg = Release|Any CPU
		{50D8BD5B-AFC2-4C5B-91D3-9AADF164C8D6}.Release|Any CPU.Build.0 = Release|Any CPU
	EndGlobalSection
	GlobalSection(SolutionProperties) = preSolution
		HideSolutionNode = FALSE
	EndGlobalSection
	GlobalSection(ExtensibilityGlobals) = postSolution
		SolutionGuid = {11020832-9BBD-4637-8B7E-468F5C4B3FA5}
	EndGlobalSection
EndGlobal
