
Microsoft Visual Studio Solution File, Format Version 12.00
# Visual Studio 15
VisualStudioVersion = 15.0.27703.2035
MinimumVisualStudioVersion = 10.0.40219.1
Project("{FAE04EC0-301F-11D3-BF4B-00C04F79EFBC}") = "DependencyScanner.Core", "DependencyScanner.Core\DependencyScanner.Core.csproj", "{6E72AF77-F76B-406B-93C2-8F0FFC3EF5E5}"
EndProject
Project("{FAE04EC0-301F-11D3-BF4B-00C04F79EFBC}") = "DependencyScanner.Core.Test", "DependencyScanner.Core.Test\DependencyScanner.Core.Test.csproj", "{50D8BD5B-AFC2-4C5B-91D3-9AADF164C8D6}"
EndProject
Project("{FAE04EC0-301F-11D3-BF4B-00C04F79EFBC}") = "DependencyScanner.Standalone", "DependencyScanner.Standalone\DependencyScanner.Standalone.csproj", "{1F2234C6-6EC6-4E8F-A72C-CA766012DB13}"
EndProject
Project("{2150E333-8FDC-42A3-9474-1A3956D46DE8}") = "Plugins", "Plugins", "{7365E60A-C38A-49B8-9AA1-1D417C3E4049}"
EndProject
Project("{FAE04EC0-301F-11D3-BF4B-00C04F79EFBC}") = "DependencyScanner.Api", "DependencyScanner.Api\DependencyScanner.Api.csproj", "{B3BDE71E-510A-413F-8A59-881200C45127}"
EndProject
Project("{FAE04EC0-301F-11D3-BF4B-00C04F79EFBC}") = "DependencyScanner.Core.Gui", "DependencyScanner.Core.Gui\DependencyScanner.Core.Gui.csproj", "{4B6357EA-79DB-4DCD-93A6-3335DD12C904}"
EndProject
Project("{FAE04EC0-301F-11D3-BF4B-00C04F79EFBC}") = "DependencyScanner.Plugins.WorkingDirectory", "DependencyScanner.Plugins.WorkingDirectory\DependencyScanner.Plugins.WorkingDirectory.csproj", "{0CF28F26-C030-4A68-A9F6-FE218D49E5DE}"
EndProject
Global
	GlobalSection(SolutionConfigurationPlatforms) = preSolution
		Debug|Any CPU = Debug|Any CPU
		Debug|x86 = Debug|x86
		Release|Any CPU = Release|Any CPU
		Release|x86 = Release|x86
	EndGlobalSection
	GlobalSection(ProjectConfigurationPlatforms) = postSolution
		{6E72AF77-F76B-406B-93C2-8F0FFC3EF5E5}.Debug|Any CPU.ActiveCfg = Debug|Any CPU
		{6E72AF77-F76B-406B-93C2-8F0FFC3EF5E5}.Debug|Any CPU.Build.0 = Debug|Any CPU
		{6E72AF77-F76B-406B-93C2-8F0FFC3EF5E5}.Debug|x86.ActiveCfg = Debug|Any CPU
		{6E72AF77-F76B-406B-93C2-8F0FFC3EF5E5}.Debug|x86.Build.0 = Debug|Any CPU
		{6E72AF77-F76B-406B-93C2-8F0FFC3EF5E5}.Release|Any CPU.ActiveCfg = Release|Any CPU
		{6E72AF77-F76B-406B-93C2-8F0FFC3EF5E5}.Release|Any CPU.Build.0 = Release|Any CPU
		{6E72AF77-F76B-406B-93C2-8F0FFC3EF5E5}.Release|x86.ActiveCfg = Release|Any CPU
		{6E72AF77-F76B-406B-93C2-8F0FFC3EF5E5}.Release|x86.Build.0 = Release|Any CPU
		{50D8BD5B-AFC2-4C5B-91D3-9AADF164C8D6}.Debug|Any CPU.ActiveCfg = Debug|Any CPU
		{50D8BD5B-AFC2-4C5B-91D3-9AADF164C8D6}.Debug|Any CPU.Build.0 = Debug|Any CPU
		{50D8BD5B-AFC2-4C5B-91D3-9AADF164C8D6}.Debug|x86.ActiveCfg = Debug|Any CPU
		{50D8BD5B-AFC2-4C5B-91D3-9AADF164C8D6}.Debug|x86.Build.0 = Debug|Any CPU
		{50D8BD5B-AFC2-4C5B-91D3-9AADF164C8D6}.Release|Any CPU.ActiveCfg = Release|Any CPU
		{50D8BD5B-AFC2-4C5B-91D3-9AADF164C8D6}.Release|Any CPU.Build.0 = Release|Any CPU
		{50D8BD5B-AFC2-4C5B-91D3-9AADF164C8D6}.Release|x86.ActiveCfg = Release|Any CPU
		{50D8BD5B-AFC2-4C5B-91D3-9AADF164C8D6}.Release|x86.Build.0 = Release|Any CPU
		{1F2234C6-6EC6-4E8F-A72C-CA766012DB13}.Debug|Any CPU.ActiveCfg = Debug|Any CPU
		{1F2234C6-6EC6-4E8F-A72C-CA766012DB13}.Debug|Any CPU.Build.0 = Debug|Any CPU
		{1F2234C6-6EC6-4E8F-A72C-CA766012DB13}.Debug|x86.ActiveCfg = Debug|Any CPU
		{1F2234C6-6EC6-4E8F-A72C-CA766012DB13}.Debug|x86.Build.0 = Debug|Any CPU
		{1F2234C6-6EC6-4E8F-A72C-CA766012DB13}.Release|Any CPU.ActiveCfg = Release|Any CPU
		{1F2234C6-6EC6-4E8F-A72C-CA766012DB13}.Release|Any CPU.Build.0 = Release|Any CPU
		{1F2234C6-6EC6-4E8F-A72C-CA766012DB13}.Release|x86.ActiveCfg = Release|Any CPU
		{1F2234C6-6EC6-4E8F-A72C-CA766012DB13}.Release|x86.Build.0 = Release|Any CPU
		{B3BDE71E-510A-413F-8A59-881200C45127}.Debug|Any CPU.ActiveCfg = Debug|Any CPU
		{B3BDE71E-510A-413F-8A59-881200C45127}.Debug|Any CPU.Build.0 = Debug|Any CPU
		{B3BDE71E-510A-413F-8A59-881200C45127}.Debug|x86.ActiveCfg = Debug|Any CPU
		{B3BDE71E-510A-413F-8A59-881200C45127}.Debug|x86.Build.0 = Debug|Any CPU
		{B3BDE71E-510A-413F-8A59-881200C45127}.Release|Any CPU.ActiveCfg = Release|Any CPU
		{B3BDE71E-510A-413F-8A59-881200C45127}.Release|Any CPU.Build.0 = Release|Any CPU
		{B3BDE71E-510A-413F-8A59-881200C45127}.Release|x86.ActiveCfg = Release|Any CPU
		{B3BDE71E-510A-413F-8A59-881200C45127}.Release|x86.Build.0 = Release|Any CPU
		{4B6357EA-79DB-4DCD-93A6-3335DD12C904}.Debug|Any CPU.ActiveCfg = Debug|Any CPU
		{4B6357EA-79DB-4DCD-93A6-3335DD12C904}.Debug|Any CPU.Build.0 = Debug|Any CPU
		{4B6357EA-79DB-4DCD-93A6-3335DD12C904}.Debug|x86.ActiveCfg = Debug|Any CPU
		{4B6357EA-79DB-4DCD-93A6-3335DD12C904}.Debug|x86.Build.0 = Debug|Any CPU
		{4B6357EA-79DB-4DCD-93A6-3335DD12C904}.Release|Any CPU.ActiveCfg = Release|Any CPU
		{4B6357EA-79DB-4DCD-93A6-3335DD12C904}.Release|Any CPU.Build.0 = Release|Any CPU
		{4B6357EA-79DB-4DCD-93A6-3335DD12C904}.Release|x86.ActiveCfg = Release|Any CPU
		{4B6357EA-79DB-4DCD-93A6-3335DD12C904}.Release|x86.Build.0 = Release|Any CPU
		{0CF28F26-C030-4A68-A9F6-FE218D49E5DE}.Debug|Any CPU.ActiveCfg = Debug|Any CPU
		{0CF28F26-C030-4A68-A9F6-FE218D49E5DE}.Debug|Any CPU.Build.0 = Debug|Any CPU
		{0CF28F26-C030-4A68-A9F6-FE218D49E5DE}.Debug|x86.ActiveCfg = Debug|Any CPU
		{0CF28F26-C030-4A68-A9F6-FE218D49E5DE}.Debug|x86.Build.0 = Debug|Any CPU
		{0CF28F26-C030-4A68-A9F6-FE218D49E5DE}.Release|Any CPU.ActiveCfg = Release|Any CPU
		{0CF28F26-C030-4A68-A9F6-FE218D49E5DE}.Release|Any CPU.Build.0 = Release|Any CPU
		{0CF28F26-C030-4A68-A9F6-FE218D49E5DE}.Release|x86.ActiveCfg = Release|Any CPU
		{0CF28F26-C030-4A68-A9F6-FE218D49E5DE}.Release|x86.Build.0 = Release|Any CPU
	EndGlobalSection
	GlobalSection(SolutionProperties) = preSolution
		HideSolutionNode = FALSE
	EndGlobalSection
	GlobalSection(NestedProjects) = preSolution
		{0CF28F26-C030-4A68-A9F6-FE218D49E5DE} = {7365E60A-C38A-49B8-9AA1-1D417C3E4049}
	EndGlobalSection
	GlobalSection(ExtensibilityGlobals) = postSolution
		SolutionGuid = {11020832-9BBD-4637-8B7E-468F5C4B3FA5}
	EndGlobalSection
EndGlobal
